
Microsoft Visual Studio Solution File, Format Version 12.00
Project("{FAE04EC0-301F-11D3-BF4B-00C04F79EFBC}") = "aStarAlgorithmRetry", "aStarAlgorithmRetry\aStarAlgorithmRetry.csproj", "{0143D7A0-508B-4131-974D-8DA6A79B3363}"
EndProject
Global
	GlobalSection(SolutionConfigurationPlatforms) = preSolution
		Debug|Any CPU = Debug|Any CPU
		Release|Any CPU = Release|Any CPU
	EndGlobalSection
	GlobalSection(ProjectConfigurationPlatforms) = postSolution
		{0143D7A0-508B-4131-974D-8DA6A79B3363}.Debug|Any CPU.ActiveCfg = Debug|Any CPU
		{0143D7A0-508B-4131-974D-8DA6A79B3363}.Debug|Any CPU.Build.0 = Debug|Any CPU
		{0143D7A0-508B-4131-974D-8DA6A79B3363}.Release|Any CPU.ActiveCfg = Release|Any CPU
		{0143D7A0-508B-4131-974D-8DA6A79B3363}.Release|Any CPU.Build.0 = Release|Any CPU
	EndGlobalSection
EndGlobal
